
Microsoft Visual Studio Solution File, Format Version 12.00
Project("{FAE04EC0-301F-11D3-BF4B-00C04F79EFBC}") = "ToDoListTracker", "ToDoListTracker\ToDoListTracker.csproj", "{F40E717D-2247-4C46-9166-9B19D5BEA575}"
EndProject
Global
	GlobalSection(SolutionConfigurationPlatforms) = preSolution
		Debug|Any CPU = Debug|Any CPU
		Release|Any CPU = Release|Any CPU
	EndGlobalSection
	GlobalSection(ProjectConfigurationPlatforms) = postSolution
		{F40E717D-2247-4C46-9166-9B19D5BEA575}.Debug|Any CPU.ActiveCfg = Debug|Any CPU
		{F40E717D-2247-4C46-9166-9B19D5BEA575}.Debug|Any CPU.Build.0 = Debug|Any CPU
		{F40E717D-2247-4C46-9166-9B19D5BEA575}.Release|Any CPU.ActiveCfg = Release|Any CPU
		{F40E717D-2247-4C46-9166-9B19D5BEA575}.Release|Any CPU.Build.0 = Release|Any CPU
	EndGlobalSection
EndGlobal
